# This file is automatically @generated by Cargo.
# It is not intended for manual editing.
version = 4

[[package]]
name = "cairn-lang-cli"
version = "0.0.0"
dependencies = [
 "cairn-lang-core",
]

[[package]]
name = "cairn-lang-core"
version = "0.0.0"

[[package]]
name = "cairn-lang-formats"
version = "0.0.0"
dependencies = [
 "cairn-lang-core",
 "cairn-lang-nbt",
]

[[package]]
name = "cairn-lang-lsp"
version = "0.0.0"
dependencies = [
 "cairn-lang-core",
]

[[package]]
name = "cairn-lang-nbt"
version = "0.0.0"

[[package]]
name = "cairn-lang-redstone"
version = "0.0.0"
dependencies = [
 "cairn-lang-core",
]

[[package]]
name = "cairn-lang-wasm"
version = "0.0.0"
dependencies = [
 "cairn-lang-core",
]
