# This file is automatically @generated by Cargo.
# It is not intended for manual editing.
version = 4

[[package]]
name = "cairn-cli"
version = "0.0.0"
dependencies = [
 "cairn-core",
]

[[package]]
name = "cairn-core"
version = "0.0.0"

[[package]]
name = "cairn-formats"
version = "0.0.0"
dependencies = [
 "cairn-core",
 "cairn-nbt",
]

[[package]]
name = "cairn-lsp"
version = "0.0.0"
dependencies = [
 "cairn-core",
]

[[package]]
name = "cairn-nbt"
version = "0.0.0"

[[package]]
name = "cairn-redstone"
version = "0.0.0"
dependencies = [
 "cairn-core",
]

[[package]]
name = "cairn-wasm"
version = "0.0.0"
dependencies = [
 "cairn-core",
]
